PODS:
  - DottedProgressBar (1.0.4)
  - FontAwesomeKit.Swift (0.4.2)
  - Realm (3.5.0):
    - Realm/Headers (= 3.5.0)
  - Realm/Headers (3.5.0)
  - RealmSwift (3.5.0):
    - Realm (= 3.5.0)
  - SwipeCellKit (2.2.0)
  - TEQuickPageViewController (2.1.2)

DEPENDENCIES:
  - DottedProgressBar
  - FontAwesomeKit.Swift
  - RealmSwift
  - SwipeCellKit
  - TEQuickPageViewController

SPEC REPOS:
  https://github.com/CocoaPods/Specs.git:
    - DottedProgressBar
    - FontAwesomeKit.Swift
    - Realm
    - RealmSwift
    - SwipeCellKit
    - TEQuickPageViewController

SPEC CHECKSUMS:
  DottedProgressBar: 4b5cb99a9afd68e20b21f7c9a40f0014ede52e77
  FontAwesomeKit.Swift: 252b2e05752e6c7410866693c7350e62313da910
  Realm: 0378021c424e4e2bd6a0e63b27881e929d9b9ad1
  RealmSwift: 3322562622fda2ad596985ead4d8d8be30cf838c
  SwipeCellKit: 8ae09401e1137566b187980d824310129233c959
  TEQuickPageViewController: e5a744eab09c03cb67042164eb6beb617b524d13

PODFILE CHECKSUM: 5fa74e9b707c0c134208740ea986125507acd193

COCOAPODS: 1.5.0
